
Microsoft Visual Studio Solution File, Format Version 12.00
# Visual Studio Version 17
VisualStudioVersion = 17.2.32519.379
MinimumVisualStudioVersion = 10.0.40219.1
Project("{9A19103F-16F7-4668-BE54-9A1E7A4F7556}") = "LearnMate", "OrderBot\LearnMate.csproj", "{1D140645-E83D-4F58-B5B4-B167EB29D69D}"
EndProject
Project("{9A19103F-16F7-4668-BE54-9A1E7A4F7556}") = "LearnMate.tests", "OrderBot.tests\LearnMate.tests.csproj", "{90AD4FC9-813B-4E25-B736-1677ABFD63F2}"
EndProject
Project("{9A19103F-16F7-4668-BE54-9A1E7A4F7556}") = "LearnMatePage", "OrderBotPage\LearnMatePage.csproj", "{E25DD445-79B8-4770-8BCE-038CFE413848}"
EndProject
Global
	GlobalSection(SolutionConfigurationPlatforms) = preSolution
		Debug|Any CPU = Debug|Any CPU
		Debug|x64 = Debug|x64
		Debug|x86 = Debug|x86
		Release|Any CPU = Release|Any CPU
		Release|x64 = Release|x64
		Release|x86 = Release|x86
	EndGlobalSection
	GlobalSection(ProjectConfigurationPlatforms) = postSolution
		{1D140645-E83D-4F58-B5B4-B167EB29D69D}.Debug|Any CPU.ActiveCfg = Debug|Any CPU
		{1D140645-E83D-4F58-B5B4-B167EB29D69D}.Debug|Any CPU.Build.0 = Debug|Any CPU
		{1D140645-E83D-4F58-B5B4-B167EB29D69D}.Debug|x64.ActiveCfg = Debug|Any CPU
		{1D140645-E83D-4F58-B5B4-B167EB29D69D}.Debug|x64.Build.0 = Debug|Any CPU
		{1D140645-E83D-4F58-B5B4-B167EB29D69D}.Debug|x86.ActiveCfg = Debug|Any CPU
		{1D140645-E83D-4F58-B5B4-B167EB29D69D}.Debug|x86.Build.0 = Debug|Any CPU
		{1D140645-E83D-4F58-B5B4-B167EB29D69D}.Release|Any CPU.ActiveCfg = Release|Any CPU
		{1D140645-E83D-4F58-B5B4-B167EB29D69D}.Release|Any CPU.Build.0 = Release|Any CPU
		{1D140645-E83D-4F58-B5B4-B167EB29D69D}.Release|x64.ActiveCfg = Release|Any CPU
		{1D140645-E83D-4F58-B5B4-B167EB29D69D}.Release|x64.Build.0 = Release|Any CPU
		{1D140645-E83D-4F58-B5B4-B167EB29D69D}.Release|x86.ActiveCfg = Release|Any CPU
		{1D140645-E83D-4F58-B5B4-B167EB29D69D}.Release|x86.Build.0 = Release|Any CPU
		{90AD4FC9-813B-4E25-B736-1677ABFD63F2}.Debug|Any CPU.ActiveCfg = Debug|Any CPU
		{90AD4FC9-813B-4E25-B736-1677ABFD63F2}.Debug|Any CPU.Build.0 = Debug|Any CPU
		{90AD4FC9-813B-4E25-B736-1677ABFD63F2}.Debug|x64.ActiveCfg = Debug|Any CPU
		{90AD4FC9-813B-4E25-B736-1677ABFD63F2}.Debug|x64.Build.0 = Debug|Any CPU
		{90AD4FC9-813B-4E25-B736-1677ABFD63F2}.Debug|x86.ActiveCfg = Debug|Any CPU
		{90AD4FC9-813B-4E25-B736-1677ABFD63F2}.Debug|x86.Build.0 = Debug|Any CPU
		{90AD4FC9-813B-4E25-B736-1677ABFD63F2}.Release|Any CPU.ActiveCfg = Release|Any CPU
		{90AD4FC9-813B-4E25-B736-1677ABFD63F2}.Release|Any CPU.Build.0 = Release|Any CPU
		{90AD4FC9-813B-4E25-B736-1677ABFD63F2}.Release|x64.ActiveCfg = Release|Any CPU
		{90AD4FC9-813B-4E25-B736-1677ABFD63F2}.Release|x64.Build.0 = Release|Any CPU
		{90AD4FC9-813B-4E25-B736-1677ABFD63F2}.Release|x86.ActiveCfg = Release|Any CPU
		{90AD4FC9-813B-4E25-B736-1677ABFD63F2}.Release|x86.Build.0 = Release|Any CPU
		{E25DD445-79B8-4770-8BCE-038CFE413848}.Debug|Any CPU.ActiveCfg = Debug|Any CPU
		{E25DD445-79B8-4770-8BCE-038CFE413848}.Debug|Any CPU.Build.0 = Debug|Any CPU
		{E25DD445-79B8-4770-8BCE-038CFE413848}.Debug|x64.ActiveCfg = Debug|Any CPU
		{E25DD445-79B8-4770-8BCE-038CFE413848}.Debug|x64.Build.0 = Debug|Any CPU
		{E25DD445-79B8-4770-8BCE-038CFE413848}.Debug|x86.ActiveCfg = Debug|Any CPU
		{E25DD445-79B8-4770-8BCE-038CFE413848}.Debug|x86.Build.0 = Debug|Any CPU
		{E25DD445-79B8-4770-8BCE-038CFE413848}.Release|Any CPU.ActiveCfg = Release|Any CPU
		{E25DD445-79B8-4770-8BCE-038CFE413848}.Release|Any CPU.Build.0 = Release|Any CPU
		{E25DD445-79B8-4770-8BCE-038CFE413848}.Release|x64.ActiveCfg = Release|Any CPU
		{E25DD445-79B8-4770-8BCE-038CFE413848}.Release|x64.Build.0 = Release|Any CPU
		{E25DD445-79B8-4770-8BCE-038CFE413848}.Release|x86.ActiveCfg = Release|Any CPU
		{E25DD445-79B8-4770-8BCE-038CFE413848}.Release|x86.Build.0 = Release|Any CPU
	EndGlobalSection
	GlobalSection(SolutionProperties) = preSolution
		HideSolutionNode = FALSE
	EndGlobalSection
	GlobalSection(ExtensibilityGlobals) = postSolution
		SolutionGuid = {620DC512-BA17-4F2D-B0D8-203201F0BB5F}
	EndGlobalSection
EndGlobal
